
Microsoft Visual Studio Solution File, Format Version 12.00
# Visual Studio Version 17
VisualStudioVersion = 17.8.34408.163
MinimumVisualStudioVersion = 10.0.40219.1
Project("{9A19103F-16F7-4668-BE54-9A1E7A4F7556}") = "MathAssistant", "MathAssistant\MathAssistant.csproj", "{D791F390-2BBD-4634-A8CC-8F69CAEEE300}"
EndProject
Project("{FAE04EC0-301F-11D3-BF4B-00C04F79EFBC}") = "MathAssistantTests", "MathAssistantTests\MathAssistantTests.csproj", "{EB2432A3-02CD-438D-A175-40A30C2BEDFD}"
EndProject
Global
	GlobalSection(SolutionConfigurationPlatforms) = preSolution
		Debug|Any CPU = Debug|Any CPU
		Release|Any CPU = Release|Any CPU
	EndGlobalSection
	GlobalSection(ProjectConfigurationPlatforms) = postSolution
		{D791F390-2BBD-4634-A8CC-8F69CAEEE300}.Debug|Any CPU.ActiveCfg = Debug|Any CPU
		{D791F390-2BBD-4634-A8CC-8F69CAEEE300}.Debug|Any CPU.Build.0 = Debug|Any CPU
		{D791F390-2BBD-4634-A8CC-8F69CAEEE300}.Release|Any CPU.ActiveCfg = Release|Any CPU
		{D791F390-2BBD-4634-A8CC-8F69CAEEE300}.Release|Any CPU.Build.0 = Release|Any CPU
		{EB2432A3-02CD-438D-A175-40A30C2BEDFD}.Debug|Any CPU.ActiveCfg = Debug|Any CPU
		{EB2432A3-02CD-438D-A175-40A30C2BEDFD}.Debug|Any CPU.Build.0 = Debug|Any CPU
		{EB2432A3-02CD-438D-A175-40A30C2BEDFD}.Release|Any CPU.ActiveCfg = Release|Any CPU
		{EB2432A3-02CD-438D-A175-40A30C2BEDFD}.Release|Any CPU.Build.0 = Release|Any CPU
	EndGlobalSection
	GlobalSection(SolutionProperties) = preSolution
		HideSolutionNode = FALSE
	EndGlobalSection
	GlobalSection(ExtensibilityGlobals) = postSolution
		SolutionGuid = {F0E23C55-A9E5-44C0-98B4-CA07BEFDF52A}
	EndGlobalSection
EndGlobal
